<?xml version="1.0" encoding="UTF-8"?>
<Project ToolsVersion="15.0" xmlns="http://schemas.microsoft.com/developer/msbuild/2003">
  <ItemGroup>
    <CustomBuild Include="C:\Users\Marcos\Documents\SAE\6to Trimestre\Graficación\Libs\glfw\CMakeFiles\46489cd9f236e1f0fa57cf75965fe612\generate.stamp.rule">
      <Filter>CMake Rules</Filter>
    </CustomBuild>
  </ItemGroup>
  <ItemGroup>
    <Filter Include="CMake Rules">
      <UniqueIdentifier>{CBF6B1B5-1037-3B1D-A1A9-658D1607509C}</UniqueIdentifier>
    </Filter>
  </ItemGroup>
</Project>
